
Microsoft Visual Studio Solution File, Format Version 12.00
# Visual Studio Version 17
VisualStudioVersion = 17.4.33103.184
MinimumVisualStudioVersion = 10.0.40219.1
Project("{FAE04EC0-301F-11D3-BF4B-00C04F79EFBC}") = "StoreFrontAPI", "StoreFrontAPI.csproj", "{E56ACAA1-8B56-4CA4-81D5-568F722778AB}"
EndProject
Global
	GlobalSection(SolutionConfigurationPlatforms) = preSolution
		Debug|Any CPU = Debug|Any CPU
		Release|Any CPU = Release|Any CPU
	EndGlobalSection
	GlobalSection(ProjectConfigurationPlatforms) = postSolution
		{E56ACAA1-8B56-4CA4-81D5-568F722778AB}.Debug|Any CPU.ActiveCfg = Debug|Any CPU
		{E56ACAA1-8B56-4CA4-81D5-568F722778AB}.Debug|Any CPU.Build.0 = Debug|Any CPU
		{E56ACAA1-8B56-4CA4-81D5-568F722778AB}.Release|Any CPU.ActiveCfg = Release|Any CPU
		{E56ACAA1-8B56-4CA4-81D5-568F722778AB}.Release|Any CPU.Build.0 = Release|Any CPU
	EndGlobalSection
	GlobalSection(SolutionProperties) = preSolution
		HideSolutionNode = FALSE
	EndGlobalSection
	GlobalSection(ExtensibilityGlobals) = postSolution
		SolutionGuid = {BF257DD3-6E75-4B9F-B966-0A766F670B10}
	EndGlobalSection
EndGlobal
